{
  "name": "telegram-greeting-bot",
  "version": "1.0.0",
  "lockfileVersion": 2,
  "requires": true,
  "packages": {
    "": {
      "name": "telegram-greeting-bot",
      "version": "1.0.0",
      "license": "ISC",
      "dependencies": {
        "node-telegram-bot-api": "^0.61.0"
      },
      "engines": {
        "node": ">=14.0.0"
      }
    },
    "node_modules/node-telegram-bot-api": {
      "version": "0.61.0",
      "resolved": "https://registry.npmjs.org/node-telegram-bot-api/-/node-telegram-bot-api-0.61.0.tgz",
      "integrity": "sha512-BQZRnALq/ZhZrInCk7WUZCzfWoNRNzr6/A1ZGJLCH62wZPn4/49mzO33VyYi6PvBX0zD+FyjDD3/VYuwPJBD+A==",
      "dependencies": {
        "array.prototype.findindex": "^2.1.0",
        "bl": "^1.2.3",
        "bluebird": "^3.5.1",
        "debug": "^3.1.0",
        "depd": "^1.1.1",
        "eventemitter3": "^3.0.0",
        "file-type": "^3.9.0",
        "mime": "^1.6.0",
        "pump": "^2.0.0",
        "request": "^2.83.0",
        "request-promise": "^4.2.2"
      },
      "engines": {
        "node": ">=0.12.0"
      }
    },
    // ... (nhiều dependencies khác sẽ được liệt kê ở đây)
  }
}
